schema: '2.0'
stages:
  ingest:
    cmd: python -m src.ingestion.ingest
    deps:
    - path: configs/
      hash: md5
      md5: 1a8e85a9932055a06a18f8115f7677b6.dir
      size: 7598
      nfiles: 29
    - path: configs/ingestion.yaml
      hash: md5
      md5: 5559b6e24012cfb4fbf57bcb4c75436e
      size: 106
    - path: configs/run.ci.yaml
      hash: md5
      md5: 80dd29736515c634e5ba365b4afc2a2c
      size: 566
    - path: configs/run.yaml
      hash: md5
      md5: b961e5ee5e7a4d314f45e4badbd62ea6
      size: 1616
    - path: src/ingestion/
      hash: md5
      md5: c6a042adf9d92b1f9ea431b4cac23a4f.dir
      size: 69405
      nfiles: 21
    - path: src/utils/
      hash: md5
      md5: 1a75780033db89e8b3c0ac17bdb705cd.dir
      size: 131245
      nfiles: 20
    params:
      params.yaml:
        ingestion.seed: 42
    outs:
    - path: data/raw/news.parquet
      hash: md5
      md5: 9e5b33e8275f5fdfda6250a54b6ae057
      size: 48467
  preprocess:
    cmd: python -m src.preprocessing.preprocess
    deps:
    - path: configs/
      hash: md5
      md5: 1a8e85a9932055a06a18f8115f7677b6.dir
      size: 7598
      nfiles: 29
    - path: data/raw/news.parquet
      hash: md5
      md5: 9e5b33e8275f5fdfda6250a54b6ae057
      size: 48467
    - path: src/preprocessing/
      hash: md5
      md5: ed24c2a178a9231ceb468d5cc4cd8be3.dir
      size: 14573
      nfiles: 6
    - path: src/utils/
      hash: md5
      md5: 1a75780033db89e8b3c0ac17bdb705cd.dir
      size: 131245
      nfiles: 20
    params:
      params.yaml:
        preprocessing.seed: 42
    outs:
    - path: data/processed/news.parquet
      hash: md5
      md5: 94d8d30bf937a66bc21c3c5d8e2ff9af
      size: 81646
  sentiment:
    cmd: python -m src.sentiment.finbert
    deps:
    - path: configs/
      hash: md5
      md5: 1a8e85a9932055a06a18f8115f7677b6.dir
      size: 7598
      nfiles: 29
    - path: data/processed/news.parquet
      hash: md5
      md5: 94d8d30bf937a66bc21c3c5d8e2ff9af
      size: 81646
    - path: src/sentiment/
      hash: md5
      md5: fb1626efe8984eb7f49de073da88553e.dir
      size: 21844
      nfiles: 6
    - path: src/utils/
      hash: md5
      md5: 1a75780033db89e8b3c0ac17bdb705cd.dir
      size: 131245
      nfiles: 20
    params:
      params.yaml:
        sentiment.batch_size: 32
        sentiment.max_seq_length: 128
        sentiment.model_name: ProsusAI/finbert
    outs:
    - path: data/processed/sentiment.parquet
      hash: md5
      md5: fbbbb3c10d68e92fa5426d3f31b4c485
      size: 83893
    - path: metrics/sentiment/
      hash: md5
      md5: 5428025ae63dffdc91422119a99934ab.dir
      size: 145
      nfiles: 3
  ingest_market_data:
    cmd: python -m src.market.ingest
    deps:
    - path: configs/
      hash: md5
      md5: 1a8e85a9932055a06a18f8115f7677b6.dir
      size: 7598
      nfiles: 29
    - path: configs/run.ci.yaml
      hash: md5
      md5: 80dd29736515c634e5ba365b4afc2a2c
      size: 566
    - path: configs/run.yaml
      hash: md5
      md5: b961e5ee5e7a4d314f45e4badbd62ea6
      size: 1616
    - path: src/market/
      hash: md5
      md5: 9789977393045e7f45fc40141bcea003.dir
      size: 92662
      nfiles: 23
    - path: src/utils/
      hash: md5
      md5: 1a75780033db89e8b3c0ac17bdb705cd.dir
      size: 131245
      nfiles: 20
    params:
      params.yaml:
        market.end_date: '2024-03-31'
        market.source: sample
        market.start_date: '2024-01-01'
        market.tickers:
        - AAPL
        - MSFT
        - XOM
        - GS
        - JPM
    outs:
    - path: data/raw/market/
      hash: md5
      md5: 9c54c8dc1df20d9a2eb182f3578c0673.dir
      size: 66446
      nfiles: 1
  clean_market_data:
    cmd: python -m src.market.clean
    deps:
    - path: configs/
      hash: md5
      md5: 1a8e85a9932055a06a18f8115f7677b6.dir
      size: 7598
      nfiles: 29
    - path: data/raw/market/
      hash: md5
      md5: 9c54c8dc1df20d9a2eb182f3578c0673.dir
      size: 66446
      nfiles: 1
    - path: src/market/
      hash: md5
      md5: 9789977393045e7f45fc40141bcea003.dir
      size: 92662
      nfiles: 23
    - path: src/utils/
      hash: md5
      md5: 1a75780033db89e8b3c0ac17bdb705cd.dir
      size: 131245
      nfiles: 20
    params:
      params.yaml:
        market.compression: zstd
    outs:
    - path: data/processed/market/
      hash: md5
      md5: 200f964407ac1b16e68c5c53479ad687.dir
      size: 118042
      nfiles: 13
  generate_returns:
    cmd: python -m src.features.pipeline.returns_stage
    deps:
    - path: configs/
      hash: md5
      md5: 1a8e85a9932055a06a18f8115f7677b6.dir
      size: 7598
      nfiles: 29
    - path: data/processed/market/
      hash: md5
      md5: 200f964407ac1b16e68c5c53479ad687.dir
      size: 118042
      nfiles: 13
    - path: src/features/
      hash: md5
      md5: a936e508fd4f11f02c0480e6f104f65e.dir
      size: 71649
      nfiles: 46
    - path: src/market/
      hash: md5
      md5: 9789977393045e7f45fc40141bcea003.dir
      size: 92662
      nfiles: 23
    - path: src/utils/
      hash: md5
      md5: 1a75780033db89e8b3c0ac17bdb705cd.dir
      size: 131245
      nfiles: 20
    params:
      params.yaml:
        features.volatility_window: 21
    outs:
    - path: data/features/returns/
      hash: md5
      md5: c8dbb117864c7b156b2f3136e3a60cbe.dir
      size: 106578
      nfiles: 1
  generate_volatility_features:
    cmd: python -m src.features.pipeline.volatility_stage
    deps:
    - path: configs/
      hash: md5
      md5: 1a8e85a9932055a06a18f8115f7677b6.dir
      size: 7598
      nfiles: 29
    - path: data/features/returns/
      hash: md5
      md5: c8dbb117864c7b156b2f3136e3a60cbe.dir
      size: 106578
      nfiles: 1
    - path: src/features/
      hash: md5
      md5: a936e508fd4f11f02c0480e6f104f65e.dir
      size: 71649
      nfiles: 46
    - path: src/utils/
      hash: md5
      md5: 1a75780033db89e8b3c0ac17bdb705cd.dir
      size: 131245
      nfiles: 20
    params:
      params.yaml:
        features.risk_free_rate: 0.05
        features.sharpe_window: 63
        features.volatility_window: 21
    outs:
    - path: data/features/volatility/
      hash: md5
      md5: 0ac5d15fa6c14a2e7daa28f31be39325.dir
      size: 174843
      nfiles: 1
  generate_technical_features:
    cmd: python -m src.features.pipeline.technical_stage
    deps:
    - path: configs/
      hash: md5
      md5: 1a8e85a9932055a06a18f8115f7677b6.dir
      size: 7598
      nfiles: 29
    - path: data/features/returns/
      hash: md5
      md5: c8dbb117864c7b156b2f3136e3a60cbe.dir
      size: 106578
      nfiles: 1
    - path: src/features/
      hash: md5
      md5: a936e508fd4f11f02c0480e6f104f65e.dir
      size: 71649
      nfiles: 46
    - path: src/utils/
      hash: md5
      md5: 1a75780033db89e8b3c0ac17bdb705cd.dir
      size: 131245
      nfiles: 20
    params:
      params.yaml:
        features.correlation_window: 30
        features.momentum_window: 12
        features.sma_windows:
        - 10
        - 20
    outs:
    - path: data/features/technical/
      hash: md5
      md5: 694d53394edf2995de138477be31e16c.dir
      size: 185070
      nfiles: 1
  generate_sentiment_features:
    cmd: python -m src.features.pipeline.sentiment_stage
    deps:
    - path: configs/
      hash: md5
      md5: 1a8e85a9932055a06a18f8115f7677b6.dir
      size: 7598
      nfiles: 29
    - path: configs/sentiment_map.yaml
      hash: md5
      md5: be1ca7ec5c704bf2ce6de876719fb0d4
      size: 298
    - path: data/processed/sentiment.parquet
      hash: md5
      md5: fbbbb3c10d68e92fa5426d3f31b4c485
      size: 83893
    - path: src/features/
      hash: md5
      md5: a936e508fd4f11f02c0480e6f104f65e.dir
      size: 71649
      nfiles: 46
    - path: src/utils/
      hash: md5
      md5: 1a75780033db89e8b3c0ac17bdb705cd.dir
      size: 131245
      nfiles: 20
    outs:
    - path: data/features/sentiment_agg/
      hash: md5
      md5: bd863ab432f68873eac4c7d345bb6bbc.dir
      size: 3051
      nfiles: 1
  merge_features:
    cmd: python -m src.features.pipeline.merge_stage
    deps:
    - path: configs/
      hash: md5
      md5: 1a8e85a9932055a06a18f8115f7677b6.dir
      size: 7598
      nfiles: 29
    - path: data/features/returns/
      hash: md5
      md5: c8dbb117864c7b156b2f3136e3a60cbe.dir
      size: 106578
      nfiles: 1
    - path: data/features/sentiment_agg/
      hash: md5
      md5: bd863ab432f68873eac4c7d345bb6bbc.dir
      size: 3051
      nfiles: 1
    - path: data/features/technical/
      hash: md5
      md5: 694d53394edf2995de138477be31e16c.dir
      size: 185070
      nfiles: 1
    - path: data/features/volatility/
      hash: md5
      md5: 0ac5d15fa6c14a2e7daa28f31be39325.dir
      size: 174843
      nfiles: 1
    - path: src/features/
      hash: md5
      md5: a936e508fd4f11f02c0480e6f104f65e.dir
      size: 71649
      nfiles: 46
    - path: src/utils/
      hash: md5
      md5: 1a75780033db89e8b3c0ac17bdb705cd.dir
      size: 131245
      nfiles: 20
    outs:
    - path: data/features/merged/
      hash: md5
      md5: 9f38bb327373155b75512a8cf9eaa941.dir
      size: 258635
      nfiles: 2
  generate_volatility_metrics:
    cmd: python -m src.risk.pipeline.volatility_stage
    deps:
    - path: configs/
      hash: md5
      md5: 1a8e85a9932055a06a18f8115f7677b6.dir
      size: 7598
      nfiles: 29
    - path: configs/risk/
      hash: md5
      md5: 1d493f4338955aefdfdf73204a7a7863.dir
      size: 609
      nfiles: 4
    - path: data/features/merged/
      hash: md5
      md5: 9f38bb327373155b75512a8cf9eaa941.dir
      size: 258635
      nfiles: 2
    - path: src/risk/
      hash: md5
      md5: 50198c6ed005f1d9c3196e466ad1bca8.dir
      size: 124509
      nfiles: 80
    - path: src/utils/
      hash: md5
      md5: 1a75780033db89e8b3c0ac17bdb705cd.dir
      size: 131245
      nfiles: 20
    params:
      params.yaml:
        risk.volatility.ewma_span: 21
        risk.volatility.long_vol_window: 63
        risk.volatility.rolling_vol_window: 21
    outs:
    - path: data/risk/volatility/
      hash: md5
      md5: acacc3f0c105c2b2cf5fd28468c8e723.dir
      size: 83806
      nfiles: 13
  generate_var_metrics:
    cmd: python -m src.risk.pipeline.var_stage
    deps:
    - path: configs/risk/
      hash: md5
      md5: 1d493f4338955aefdfdf73204a7a7863.dir
      size: 609
      nfiles: 4
    - path: data/features/merged/
      hash: md5
      md5: 9f38bb327373155b75512a8cf9eaa941.dir
      size: 258635
      nfiles: 2
    - path: data/risk/volatility/
      hash: md5
      md5: acacc3f0c105c2b2cf5fd28468c8e723.dir
      size: 83806
      nfiles: 13
    - path: src/risk/
      hash: md5
      md5: 50198c6ed005f1d9c3196e466ad1bca8.dir
      size: 124509
      nfiles: 80
    params:
      params.yaml:
        risk.var.confidence_levels:
        - 0.95
        - 0.99
        risk.var.n_simulations: 10000
        risk.var.seed: 42
    outs:
    - path: data/risk/var/
      hash: md5
      md5: 1401365541cc22cad1c1f9db93461323.dir
      size: 1596
      nfiles: 1
  generate_cvar_metrics:
    cmd: python -m src.risk.pipeline.cvar_stage
    deps:
    - path: configs/risk/
      hash: md5
      md5: 1d493f4338955aefdfdf73204a7a7863.dir
      size: 609
      nfiles: 4
    - path: data/features/merged/
      hash: md5
      md5: 9f38bb327373155b75512a8cf9eaa941.dir
      size: 258635
      nfiles: 2
    - path: data/risk/var/
      hash: md5
      md5: 1401365541cc22cad1c1f9db93461323.dir
      size: 1596
      nfiles: 1
    - path: src/risk/
      hash: md5
      md5: 50198c6ed005f1d9c3196e466ad1bca8.dir
      size: 124509
      nfiles: 80
    params:
      params.yaml:
        risk.var.confidence_levels:
        - 0.95
        - 0.99
        risk.var.seed: 42
    outs:
    - path: data/risk/cvar/
      hash: md5
      md5: 03fe5c2a0d7f857e27e619c18f63d7da.dir
      size: 1256
      nfiles: 1
  generate_correlations:
    cmd: python -m src.risk.pipeline.correlations_stage
    deps:
    - path: configs/risk/
      hash: md5
      md5: 1d493f4338955aefdfdf73204a7a7863.dir
      size: 609
      nfiles: 4
    - path: data/features/merged/
      hash: md5
      md5: 9f38bb327373155b75512a8cf9eaa941.dir
      size: 258635
      nfiles: 2
    - path: src/risk/
      hash: md5
      md5: 50198c6ed005f1d9c3196e466ad1bca8.dir
      size: 124509
      nfiles: 80
    params:
      params.yaml:
        features.correlation_window: 30
        risk.optimization.shrinkage: ledoit_wolf
    outs:
    - path: data/risk/correlations/
      hash: md5
      md5: 37a171c7220035df6542d89e5dd7fbfe.dir
      size: 2968
      nfiles: 1
  generate_portfolio_metrics:
    cmd: python -m src.risk.pipeline.portfolio_stage
    deps:
    - path: configs/risk/
      hash: md5
      md5: 1d493f4338955aefdfdf73204a7a7863.dir
      size: 609
      nfiles: 4
    - path: data/features/merged/
      hash: md5
      md5: 9f38bb327373155b75512a8cf9eaa941.dir
      size: 258635
      nfiles: 2
    - path: data/risk/volatility/
      hash: md5
      md5: acacc3f0c105c2b2cf5fd28468c8e723.dir
      size: 83806
      nfiles: 13
    - path: src/risk/
      hash: md5
      md5: 50198c6ed005f1d9c3196e466ad1bca8.dir
      size: 124509
      nfiles: 80
    params:
      params.yaml:
        risk.hmm_n_regimes: 3
        risk.portfolio.benchmark_ticker: AAPL
        risk.portfolio.rolling_metrics_window: 63
    outs:
    - path: data/risk/portfolio/
      hash: md5
      md5: f419c565a57953eced78c68268e3b842.dir
      size: 23374
      nfiles: 4
  optimize_portfolios:
    cmd: python -m src.risk.pipeline.optimization_stage
    deps:
    - path: configs/risk/
      hash: md5
      md5: 1d493f4338955aefdfdf73204a7a7863.dir
      size: 609
      nfiles: 4
    - path: data/features/merged/
      hash: md5
      md5: 9f38bb327373155b75512a8cf9eaa941.dir
      size: 258635
      nfiles: 2
    - path: data/risk/correlations/
      hash: md5
      md5: 37a171c7220035df6542d89e5dd7fbfe.dir
      size: 2968
      nfiles: 1
    - path: src/risk/
      hash: md5
      md5: 50198c6ed005f1d9c3196e466ad1bca8.dir
      size: 124509
      nfiles: 80
    params:
      params.yaml:
        risk.optimization.long_only: true
        risk.optimization.max_weight: 0.4
        risk.optimization.shrinkage: ledoit_wolf
    outs:
    - path: data/risk/optimization/
      hash: md5
      md5: a27775f9065be3a71bee9c5762986790.dir
      size: 3353
      nfiles: 3
  generate_efficient_frontier:
    cmd: python -m src.risk.pipeline.frontier_stage
    deps:
    - path: configs/risk/
      hash: md5
      md5: 1d493f4338955aefdfdf73204a7a7863.dir
      size: 609
      nfiles: 4
    - path: data/features/merged/
      hash: md5
      md5: 9f38bb327373155b75512a8cf9eaa941.dir
      size: 258635
      nfiles: 2
    - path: data/risk/optimization/
      hash: md5
      md5: a27775f9065be3a71bee9c5762986790.dir
      size: 3353
      nfiles: 3
    - path: src/analytics/
      hash: md5
      md5: 5cb783a7b56feb3994bb24c0274582f9.dir
      size: 145517
      nfiles: 32
    - path: src/risk/
      hash: md5
      md5: 50198c6ed005f1d9c3196e466ad1bca8.dir
      size: 124509
      nfiles: 80
    params:
      params.yaml:
        risk.optimization.frontier_points: 25
    outs:
    - path: data/analytics/risk/
      hash: md5
      md5: d7e17d34a97323ebba3fff046e020670.dir
      size: 69573
      nfiles: 5
    - path: data/risk/frontier/
      hash: md5
      md5: 31687a7822bf66fb8f44cfb5a6ef6b4f.dir
      size: 3563
      nfiles: 1
  generate_simulations:
    cmd: python -m src.simulation.pipeline.simulation_stage
    deps:
    - path: configs/research.yaml
      hash: md5
      md5: 085f918e55e21bf147c0d50f417ef96c
      size: 55
    - path: configs/simulation/
      hash: md5
      md5: aeafb355aebdf22409938a671e177345.dir
      size: 158
      nfiles: 1
    - path: data/features/merged/
      hash: md5
      md5: 9f38bb327373155b75512a8cf9eaa941.dir
      size: 258635
      nfiles: 2
    - path: data/risk/correlations/
      hash: md5
      md5: 37a171c7220035df6542d89e5dd7fbfe.dir
      size: 2968
      nfiles: 1
    - path: data/risk/optimization/
      hash: md5
      md5: a27775f9065be3a71bee9c5762986790.dir
      size: 3353
      nfiles: 3
    - path: data/risk/portfolio/
      hash: md5
      md5: f419c565a57953eced78c68268e3b842.dir
      size: 23374
      nfiles: 4
    - path: src/risk/
      hash: md5
      md5: 50198c6ed005f1d9c3196e466ad1bca8.dir
      size: 124509
      nfiles: 80
    - path: src/simulation/
      hash: md5
      md5: dff032b0c91e61d246b0c176c4950345.dir
      size: 49094
      nfiles: 32
    params:
      params.yaml:
        research.meta.experiment_id: baseline
        research.simulation.horizon_days: 63
        research.simulation.n_paths: 2000
        research.simulation.seed: 42
    outs:
    - path: data/research/simulations/
      hash: md5
      md5: 22258157557493cbd47fac800c4b17eb.dir
      size: 104398
      nfiles: 6
    - path: experiments/simulations/
      hash: md5
      md5: 210757e33a574679620f59c72fc97ff9.dir
      size: 704
      nfiles: 1
    - path: metrics/research_simulations/
      hash: md5
      md5: 3c01c8d9a47fe9dfb2906b82f249dcd0.dir
      size: 103
      nfiles: 3
  run_backtests:
    cmd: python -m src.backtesting.pipeline.backtest_stage
    deps:
    - path: configs/backtesting/
      hash: md5
      md5: 47ddee6d320c9665ff9e3f01dd459a33.dir
      size: 166
      nfiles: 1
    - path: configs/research.yaml
      hash: md5
      md5: 085f918e55e21bf147c0d50f417ef96c
      size: 55
    - path: data/features/merged/
      hash: md5
      md5: 9f38bb327373155b75512a8cf9eaa941.dir
      size: 258635
      nfiles: 2
    - path: data/raw/portfolio/
      hash: md5
      md5: de28033bf541014f019f9fe972ce38af.dir
      size: 871
      nfiles: 1
    - path: data/risk/optimization/
      hash: md5
      md5: a27775f9065be3a71bee9c5762986790.dir
      size: 3353
      nfiles: 3
    - path: src/backtesting/
      hash: md5
      md5: dd4f30095f581a18da1c67d4b0fa1543.dir
      size: 21406
      nfiles: 18
    - path: src/risk/
      hash: md5
      md5: 50198c6ed005f1d9c3196e466ad1bca8.dir
      size: 124509
      nfiles: 80
    params:
      params.yaml:
        research.backtest.slippage_bps: 5.0
        research.backtest.tc_bps: 10.0
        research.backtest.weight_source: max_sharpe
        research.meta.experiment_id: baseline
    outs:
    - path: data/research/backtests/
      hash: md5
      md5: 4e85393b8f11a7d35003088a8140a426.dir
      size: 31521
      nfiles: 3
    - path: experiments/backtests/
      hash: md5
      md5: c4e739edba8fca0af698e4f710759808.dir
      size: 406
      nfiles: 1
    - path: metrics/research_backtests/
      hash: md5
      md5: 983a4fca5c236ea3afcfdc2ef481203d.dir
      size: 193
      nfiles: 4
  run_stress_tests:
    cmd: python -m src.simulation.pipeline.stress_stage
    deps:
    - path: configs/research.yaml
      hash: md5
      md5: 085f918e55e21bf147c0d50f417ef96c
      size: 55
    - path: configs/scenarios/
      hash: md5
      md5: ef8eac1d2022e099f733d6a5b486f0e0.dir
      size: 486
      nfiles: 1
    - path: configs/simulation/
      hash: md5
      md5: aeafb355aebdf22409938a671e177345.dir
      size: 158
      nfiles: 1
    - path: data/research/simulations/
      hash: md5
      md5: 22258157557493cbd47fac800c4b17eb.dir
      size: 104398
      nfiles: 6
    - path: data/risk/portfolio/
      hash: md5
      md5: f419c565a57953eced78c68268e3b842.dir
      size: 23374
      nfiles: 4
    - path: src/simulation/
      hash: md5
      md5: dff032b0c91e61d246b0c176c4950345.dir
      size: 49094
      nfiles: 32
    params:
      params.yaml:
        research.meta.experiment_id: baseline
        research.simulation.n_paths: 2000
        research.simulation.seed: 42
    outs:
    - path: data/research/stress/
      hash: md5
      md5: 4ac7b4e9432b5eccba128ec5e187e432.dir
      size: 2715
      nfiles: 1
    - path: experiments/stress_tests/
      hash: md5
      md5: 3a3f4d9ec0628e6a2d52d7ddf4db63c8.dir
      size: 461
      nfiles: 1
    - path: metrics/research_stress/
      hash: md5
      md5: 92b93de039db63018fb3a99e4e872b6b.dir
      size: 137
      nfiles: 3
  run_scenario_analysis:
    cmd: python -m src.simulation.pipeline.scenario_stage
    deps:
    - path: configs/research.yaml
      hash: md5
      md5: 085f918e55e21bf147c0d50f417ef96c
      size: 55
    - path: configs/scenarios/
      hash: md5
      md5: ef8eac1d2022e099f733d6a5b486f0e0.dir
      size: 486
      nfiles: 1
    - path: configs/simulation/
      hash: md5
      md5: aeafb355aebdf22409938a671e177345.dir
      size: 158
      nfiles: 1
    - path: data/risk/portfolio/
      hash: md5
      md5: f419c565a57953eced78c68268e3b842.dir
      size: 23374
      nfiles: 4
    - path: src/simulation/
      hash: md5
      md5: dff032b0c91e61d246b0c176c4950345.dir
      size: 49094
      nfiles: 32
    params:
      params.yaml:
        research.meta.experiment_id: baseline
    outs:
    - path: data/research/scenarios/
      hash: md5
      md5: 77e0494067c66e853f1fff5e356cf7ff.dir
      size: 2712
      nfiles: 1
    - path: metrics/research_scenarios/
      hash: md5
      md5: e5e066970c0f7add0bd6746fd3a28be5.dir
      size: 47
      nfiles: 2
  evaluate_performance:
    cmd: python -m src.research.pipeline.evaluate_stage
    deps:
    - path: configs/research.yaml
      hash: md5
      md5: 085f918e55e21bf147c0d50f417ef96c
      size: 55
    - path: data/research/backtests/
      hash: md5
      md5: 4e85393b8f11a7d35003088a8140a426.dir
      size: 31521
      nfiles: 3
    - path: data/research/simulations/
      hash: md5
      md5: 22258157557493cbd47fac800c4b17eb.dir
      size: 104398
      nfiles: 6
    - path: src/research/
      hash: md5
      md5: c03eea127b49460ce1fbc4846c3651e5.dir
      size: 32400
      nfiles: 14
    params:
      params.yaml:
        research.meta.experiment_id: baseline
    outs:
    - path: data/research/evaluation/
      hash: md5
      md5: b463bedebdddbcb13205a807c91b5e38.dir
      size: 3334
      nfiles: 1
    - path: metrics/research_evaluation/
      hash: md5
      md5: 4e9dac9f228ac24fad2161adbbb9ed52.dir
      size: 37
      nfiles: 2
  compare_experiments:
    cmd: python -m src.research.pipeline.compare_stage
    deps:
    - path: experiments/
      hash: md5
      md5: ddaa6b8514adced23e9317164c3b822e.dir
      size: 1571
      nfiles: 3
    - path: src/research/
      hash: md5
      md5: c03eea127b49460ce1fbc4846c3651e5.dir
      size: 32400
      nfiles: 14
    outs:
    - path: data/research/comparisons/
      hash: md5
      md5: f02f04ae801936c3243bca006d63c7cb.dir
      size: 7422
      nfiles: 1
    - path: metrics/research_compare/
      hash: md5
      md5: 3b24bd1dce7905c5e151d3695f04181f.dir
      size: 47
      nfiles: 2
  generate_research_reports:
    cmd: python -m src.research.pipeline.report_stage
    deps:
    - path: data/research/backtests/
      hash: md5
      md5: 4e85393b8f11a7d35003088a8140a426.dir
      size: 31521
      nfiles: 3
    - path: data/research/evaluation/
      hash: md5
      md5: b463bedebdddbcb13205a807c91b5e38.dir
      size: 3334
      nfiles: 1
    - path: data/research/scenarios/
      hash: md5
      md5: 77e0494067c66e853f1fff5e356cf7ff.dir
      size: 2712
      nfiles: 1
    - path: data/research/simulations/
      hash: md5
      md5: 22258157557493cbd47fac800c4b17eb.dir
      size: 104398
      nfiles: 6
    - path: data/research/stress/
      hash: md5
      md5: 4ac7b4e9432b5eccba128ec5e187e432.dir
      size: 2715
      nfiles: 1
    - path: src/analytics/
      hash: md5
      md5: 5cb783a7b56feb3994bb24c0274582f9.dir
      size: 145517
      nfiles: 32
    - path: src/research/
      hash: md5
      md5: c03eea127b49460ce1fbc4846c3651e5.dir
      size: 32400
      nfiles: 14
    params:
      params.yaml:
        research.meta.experiment_id: baseline
    outs:
    - path: data/analytics/dashboard/
      hash: md5
      md5: 02ad652da6bf4c12e00b9adab09a457e.dir
      size: 8643
      nfiles: 2
    - path: data/analytics/research/
      hash: md5
      md5: 89a0501945065feefd9aacd32479f137.dir
      size: 251116
      nfiles: 9
    - path: data/research/reports/
      hash: md5
      md5: 97a1b8315484bfb866d701d63d56f33e.dir
      size: 2553
      nfiles: 2
    - path: metrics/research_reports/
      hash: md5
      md5: 9bc8541e9648a38747a5833770cda4e4.dir
      size: 99
      nfiles: 3
  generate_platform_reports:
    cmd: python -m src.platform.pipeline.report_stage
    deps:
    - path: configs/platform.yaml
      hash: md5
      md5: b50947a2676fc14885ad07cd81bc5254
      size: 321
    - path: data/features/merged/
      hash: md5
      md5: 9f38bb327373155b75512a8cf9eaa941.dir
      size: 258635
      nfiles: 2
    - path: data/research/backtests/
      hash: md5
      md5: 4e85393b8f11a7d35003088a8140a426.dir
      size: 31521
      nfiles: 3
    - path: data/research/reports/
      hash: md5
      md5: 97a1b8315484bfb866d701d63d56f33e.dir
      size: 2553
      nfiles: 2
    - path: data/risk/
      hash: md5
      md5: 8ea4ad11f0a354d0a608b225c0348da0.dir
      size: 119916
      nfiles: 24
    - path: src/copilot/
      hash: md5
      md5: 19bfd8c484e5a97219643530d8fe46cf.dir
      size: 57144
      nfiles: 27
    - path: src/monitoring/
      hash: md5
      md5: 70f1734ae9e9e183329b4e561415af33.dir
      size: 20710
      nfiles: 22
    - path: src/platform/
      hash: md5
      md5: f13dbabfd1fe6e3996639c260f7fdb66.dir
      size: 12445
      nfiles: 8
    params:
      params.yaml:
        research.meta.experiment_id: baseline
    outs:
    - path: metrics/platform/
      hash: md5
      md5: 5eb5bd2b8a481a3363279c8e97751c9e.dir
      size: 59
      nfiles: 2
    - path: reports/governance/
      hash: md5
      md5: a8bdc322feb2ceb93b098119ac9c8e69.dir
      size: 287
      nfiles: 1
    - path: reports/portfolio/
      hash: md5
      md5: 7d477c9c882789950887e1970acd1b66.dir
      size: 353
      nfiles: 1
    - path: reports/risk/
      hash: md5
      md5: 6a437c45023dc9848dc05f90a8ac2a65.dir
      size: 1252
      nfiles: 1
  ingest_portfolio_trades:
    cmd: python -m src.portfolio.tracker.ingest
    deps:
    - path: configs/portfolio_tracker.yaml
      hash: md5
      md5: 849f5d6fbd54d8c58736cbe896c1c212
      size: 475
    - path: data/input/portfolio/dummy_portfolio.xlsx
      hash: md5
      md5: 51d848eeb1141c005971eb5842b5ab8f
      size: 5505
    - path: src/portfolio/tracker/
      hash: md5
      md5: 1af0c2e2b9c719e02b33093981f3221c.dir
      size: 113087
      nfiles: 24
    - path: src/utils/
      hash: md5
      md5: 1a75780033db89e8b3c0ac17bdb705cd.dir
      size: 131245
      nfiles: 20
    outs:
    - path: data/processed/portfolio/_tracker_metadata.json
      hash: md5
      md5: 62c00faa8c5b5335707c237e07b6001b
      size: 237
    - path: data/processed/portfolio/trades.parquet
      hash: md5
      md5: cf786a32a7fc3c6c9b97afe58176ed2e
      size: 4172
