schema: '2.0'
stages:
  ingest:
    cmd: python -m src.ingestion.ingest
    deps:
    - path: configs/
      hash: md5
      md5: d682ec047920dc3cbb11cf8acf1f5566.dir
      size: 7658
      nfiles: 29
    - path: configs/ingestion.yaml
      hash: md5
      md5: 5559b6e24012cfb4fbf57bcb4c75436e
      size: 106
    - path: configs/run.ci.yaml
      hash: md5
      md5: 80dd29736515c634e5ba365b4afc2a2c
      size: 566
    - path: configs/run.yaml
      hash: md5
      md5: ed38171845f97f8b11b012d077aec16c
      size: 1673
    - path: src/ingestion/
      hash: md5
      md5: c6a042adf9d92b1f9ea431b4cac23a4f.dir
      size: 69405
      nfiles: 21
    - path: src/utils/
      hash: md5
      md5: e9f1870d9095113597473faa67eb9095.dir
      size: 135330
      nfiles: 20
    params:
      params.yaml:
        ingestion.seed: 42
    outs:
    - path: data/raw/news.parquet
      hash: md5
      md5: 1b2185db39e63e4867a617497acc35de
      size: 31743
  preprocess:
    cmd: python -m src.preprocessing.preprocess
    deps:
    - path: configs/
      hash: md5
      md5: d682ec047920dc3cbb11cf8acf1f5566.dir
      size: 7658
      nfiles: 29
    - path: data/raw/news.parquet
      hash: md5
      md5: 1b2185db39e63e4867a617497acc35de
      size: 31743
    - path: src/preprocessing/
      hash: md5
      md5: ed24c2a178a9231ceb468d5cc4cd8be3.dir
      size: 14573
      nfiles: 6
    - path: src/utils/
      hash: md5
      md5: e9f1870d9095113597473faa67eb9095.dir
      size: 135330
      nfiles: 20
    params:
      params.yaml:
        preprocessing.seed: 42
    outs:
    - path: data/processed/news.parquet
      hash: md5
      md5: d8666b16ffa8f03f6bcc7d4f7de613f0
      size: 53657
  sentiment:
    cmd: python -m src.sentiment.finbert
    deps:
    - path: configs/
      hash: md5
      md5: d682ec047920dc3cbb11cf8acf1f5566.dir
      size: 7658
      nfiles: 29
    - path: data/processed/news.parquet
      hash: md5
      md5: d8666b16ffa8f03f6bcc7d4f7de613f0
      size: 53657
    - path: src/sentiment/
      hash: md5
      md5: fb1626efe8984eb7f49de073da88553e.dir
      size: 21844
      nfiles: 6
    - path: src/utils/
      hash: md5
      md5: e9f1870d9095113597473faa67eb9095.dir
      size: 135330
      nfiles: 20
    params:
      params.yaml:
        sentiment.batch_size: 32
        sentiment.max_seq_length: 128
        sentiment.model_name: ProsusAI/finbert
    outs:
    - path: data/processed/sentiment.parquet
      hash: md5
      md5: cb14c28afa8b4135f2ae5063c74a1a1c
      size: 55319
    - path: metrics/sentiment/
      hash: md5
      md5: cd45e85b0ef9a3e2cb1b71cbcee08efa.dir
      size: 145
      nfiles: 3
  ingest_market_data:
    cmd: python -m src.market.ingest
    deps:
    - path: configs/
      hash: md5
      md5: d682ec047920dc3cbb11cf8acf1f5566.dir
      size: 7658
      nfiles: 29
    - path: configs/run.ci.yaml
      hash: md5
      md5: 80dd29736515c634e5ba365b4afc2a2c
      size: 566
    - path: configs/run.yaml
      hash: md5
      md5: ed38171845f97f8b11b012d077aec16c
      size: 1673
    - path: src/market/
      hash: md5
      md5: eec164ffecee57f04a257229729b2b6e.dir
      size: 99681
      nfiles: 23
    - path: src/utils/
      hash: md5
      md5: e9f1870d9095113597473faa67eb9095.dir
      size: 135330
      nfiles: 20
    params:
      params.yaml:
        market.end_date: '2026-06-14'
        market.source: yfinance
        market.start_date: '2025-06-14'
        market.tickers:
        - CVX
        - XOM
        - TSLA
        - ARKX
        - SMH
        - JEDI
        - LMT
    outs:
    - path: data/raw/market/
      hash: md5
      md5: 03621157c394bc4ef04149746a0565c4.dir
      size: 44689
      nfiles: 1
  clean_market_data:
    cmd: python -m src.market.clean
    deps:
    - path: configs/
      hash: md5
      md5: d682ec047920dc3cbb11cf8acf1f5566.dir
      size: 7658
      nfiles: 29
    - path: data/raw/market/
      hash: md5
      md5: 03621157c394bc4ef04149746a0565c4.dir
      size: 44689
      nfiles: 1
    - path: src/market/
      hash: md5
      md5: eec164ffecee57f04a257229729b2b6e.dir
      size: 99681
      nfiles: 23
    - path: src/utils/
      hash: md5
      md5: e9f1870d9095113597473faa67eb9095.dir
      size: 135330
      nfiles: 20
    params:
      params.yaml:
        market.compression: zstd
    outs:
    - path: data/processed/market/
      hash: md5
      md5: 34a313273e1a713e261af93ba1d20548.dir
      size: 95685
      nfiles: 13
  generate_returns:
    cmd: python -m src.features.pipeline.returns_stage
    deps:
    - path: configs/
      hash: md5
      md5: d682ec047920dc3cbb11cf8acf1f5566.dir
      size: 7658
      nfiles: 29
    - path: data/processed/market/
      hash: md5
      md5: 34a313273e1a713e261af93ba1d20548.dir
      size: 95685
      nfiles: 13
    - path: src/features/
      hash: md5
      md5: a936e508fd4f11f02c0480e6f104f65e.dir
      size: 71649
      nfiles: 46
    - path: src/market/
      hash: md5
      md5: eec164ffecee57f04a257229729b2b6e.dir
      size: 99681
      nfiles: 23
    - path: src/utils/
      hash: md5
      md5: e9f1870d9095113597473faa67eb9095.dir
      size: 135330
      nfiles: 20
    params:
      params.yaml:
        features.volatility_window: 21
    outs:
    - path: data/features/returns/
      hash: md5
      md5: b316a8730992be496bc38caca36856ff.dir
      size: 72115
      nfiles: 1
  generate_volatility_features:
    cmd: python -m src.features.pipeline.volatility_stage
    deps:
    - path: configs/
      hash: md5
      md5: d682ec047920dc3cbb11cf8acf1f5566.dir
      size: 7658
      nfiles: 29
    - path: data/features/returns/
      hash: md5
      md5: b316a8730992be496bc38caca36856ff.dir
      size: 72115
      nfiles: 1
    - path: src/features/
      hash: md5
      md5: a936e508fd4f11f02c0480e6f104f65e.dir
      size: 71649
      nfiles: 46
    - path: src/utils/
      hash: md5
      md5: e9f1870d9095113597473faa67eb9095.dir
      size: 135330
      nfiles: 20
    params:
      params.yaml:
        features.risk_free_rate: 0.05
        features.sharpe_window: 63
        features.volatility_window: 21
    outs:
    - path: data/features/volatility/
      hash: md5
      md5: 383f3183e388a37ccf034bb4e2981680.dir
      size: 118097
      nfiles: 1
  generate_technical_features:
    cmd: python -m src.features.pipeline.technical_stage
    deps:
    - path: configs/
      hash: md5
      md5: d682ec047920dc3cbb11cf8acf1f5566.dir
      size: 7658
      nfiles: 29
    - path: data/features/returns/
      hash: md5
      md5: b316a8730992be496bc38caca36856ff.dir
      size: 72115
      nfiles: 1
    - path: src/features/
      hash: md5
      md5: a936e508fd4f11f02c0480e6f104f65e.dir
      size: 71649
      nfiles: 46
    - path: src/utils/
      hash: md5
      md5: e9f1870d9095113597473faa67eb9095.dir
      size: 135330
      nfiles: 20
    params:
      params.yaml:
        features.correlation_window: 30
        features.momentum_window: 12
        features.sma_windows:
        - 10
        - 20
    outs:
    - path: data/features/technical/
      hash: md5
      md5: e0c10d8d895324512dcb0a36eb79ebb5.dir
      size: 111046
      nfiles: 1
  generate_sentiment_features:
    cmd: python -m src.features.pipeline.sentiment_stage
    deps:
    - path: configs/
      hash: md5
      md5: d682ec047920dc3cbb11cf8acf1f5566.dir
      size: 7658
      nfiles: 29
    - path: configs/sentiment_map.yaml
      hash: md5
      md5: be1ca7ec5c704bf2ce6de876719fb0d4
      size: 298
    - path: data/processed/sentiment.parquet
      hash: md5
      md5: cb14c28afa8b4135f2ae5063c74a1a1c
      size: 55319
    - path: src/features/
      hash: md5
      md5: a936e508fd4f11f02c0480e6f104f65e.dir
      size: 71649
      nfiles: 46
    - path: src/utils/
      hash: md5
      md5: e9f1870d9095113597473faa67eb9095.dir
      size: 135330
      nfiles: 20
    outs:
    - path: data/features/sentiment_agg/
      hash: md5
      md5: fdd2c4150756d87e02d8153bc43830f3.dir
      size: 3069
      nfiles: 1
  merge_features:
    cmd: python -m src.features.pipeline.merge_stage
    deps:
    - path: configs/
      hash: md5
      md5: d682ec047920dc3cbb11cf8acf1f5566.dir
      size: 7658
      nfiles: 29
    - path: data/features/returns/
      hash: md5
      md5: b316a8730992be496bc38caca36856ff.dir
      size: 72115
      nfiles: 1
    - path: data/features/sentiment_agg/
      hash: md5
      md5: fdd2c4150756d87e02d8153bc43830f3.dir
      size: 3069
      nfiles: 1
    - path: data/features/technical/
      hash: md5
      md5: e0c10d8d895324512dcb0a36eb79ebb5.dir
      size: 111046
      nfiles: 1
    - path: data/features/volatility/
      hash: md5
      md5: 383f3183e388a37ccf034bb4e2981680.dir
      size: 118097
      nfiles: 1
    - path: src/features/
      hash: md5
      md5: a936e508fd4f11f02c0480e6f104f65e.dir
      size: 71649
      nfiles: 46
    - path: src/utils/
      hash: md5
      md5: e9f1870d9095113597473faa67eb9095.dir
      size: 135330
      nfiles: 20
    outs:
    - path: data/features/merged/
      hash: md5
      md5: 1c1aced7dd911dd431c1fa6a3d285f21.dir
      size: 164214
      nfiles: 2
  generate_volatility_metrics:
    cmd: python -m src.risk.pipeline.volatility_stage
    deps:
    - path: configs/
      hash: md5
      md5: d682ec047920dc3cbb11cf8acf1f5566.dir
      size: 7658
      nfiles: 29
    - path: configs/risk/
      hash: md5
      md5: 1d493f4338955aefdfdf73204a7a7863.dir
      size: 609
      nfiles: 4
    - path: data/features/merged/
      hash: md5
      md5: 1c1aced7dd911dd431c1fa6a3d285f21.dir
      size: 164214
      nfiles: 2
    - path: src/risk/
      hash: md5
      md5: 47cf95749906bc99aabf2a997ec6946c.dir
      size: 127554
      nfiles: 80
    - path: src/utils/
      hash: md5
      md5: e9f1870d9095113597473faa67eb9095.dir
      size: 135330
      nfiles: 20
    params:
      params.yaml:
        risk.volatility.ewma_span: 21
        risk.volatility.long_vol_window: 63
        risk.volatility.rolling_vol_window: 21
    outs:
    - path: data/risk/volatility/
      hash: md5
      md5: f44c4c97164c372b0a91c65661ccdc35.dir
      size: 84778
      nfiles: 13
  generate_var_metrics:
    cmd: python -m src.risk.pipeline.var_stage
    deps:
    - path: configs/risk/
      hash: md5
      md5: 1d493f4338955aefdfdf73204a7a7863.dir
      size: 609
      nfiles: 4
    - path: data/features/merged/
      hash: md5
      md5: 1c1aced7dd911dd431c1fa6a3d285f21.dir
      size: 164214
      nfiles: 2
    - path: data/risk/volatility/
      hash: md5
      md5: f44c4c97164c372b0a91c65661ccdc35.dir
      size: 84778
      nfiles: 13
    - path: src/risk/
      hash: md5
      md5: 47cf95749906bc99aabf2a997ec6946c.dir
      size: 127554
      nfiles: 80
    params:
      params.yaml:
        risk.var.confidence_levels:
        - 0.95
        - 0.99
        risk.var.n_simulations: 10000
        risk.var.seed: 42
    outs:
    - path: data/risk/var/
      hash: md5
      md5: 4bbd5cc79a21e287ab6e600ad7f08403.dir
      size: 1596
      nfiles: 1
  generate_cvar_metrics:
    cmd: python -m src.risk.pipeline.cvar_stage
    deps:
    - path: configs/risk/
      hash: md5
      md5: 1d493f4338955aefdfdf73204a7a7863.dir
      size: 609
      nfiles: 4
    - path: data/features/merged/
      hash: md5
      md5: 1c1aced7dd911dd431c1fa6a3d285f21.dir
      size: 164214
      nfiles: 2
    - path: data/risk/var/
      hash: md5
      md5: 4bbd5cc79a21e287ab6e600ad7f08403.dir
      size: 1596
      nfiles: 1
    - path: src/risk/
      hash: md5
      md5: 47cf95749906bc99aabf2a997ec6946c.dir
      size: 127554
      nfiles: 80
    params:
      params.yaml:
        risk.var.confidence_levels:
        - 0.95
        - 0.99
        risk.var.seed: 42
    outs:
    - path: data/risk/cvar/
      hash: md5
      md5: e9951129299c3ac45d2f4d4eaa421ee1.dir
      size: 1256
      nfiles: 1
  generate_correlations:
    cmd: python -m src.risk.pipeline.correlations_stage
    deps:
    - path: configs/risk/
      hash: md5
      md5: 1d493f4338955aefdfdf73204a7a7863.dir
      size: 609
      nfiles: 4
    - path: data/features/merged/
      hash: md5
      md5: 1c1aced7dd911dd431c1fa6a3d285f21.dir
      size: 164214
      nfiles: 2
    - path: src/risk/
      hash: md5
      md5: 47cf95749906bc99aabf2a997ec6946c.dir
      size: 127554
      nfiles: 80
    params:
      params.yaml:
        features.correlation_window: 30
        risk.optimization.shrinkage: ledoit_wolf
    outs:
    - path: data/risk/correlations/
      hash: md5
      md5: 0b0eacbc8e3b8d56240cfb22ec8344ec.dir
      size: 2489
      nfiles: 1
  generate_portfolio_metrics:
    cmd: python -m src.risk.pipeline.portfolio_stage
    deps:
    - path: configs/risk/
      hash: md5
      md5: 1d493f4338955aefdfdf73204a7a7863.dir
      size: 609
      nfiles: 4
    - path: data/features/merged/
      hash: md5
      md5: 1c1aced7dd911dd431c1fa6a3d285f21.dir
      size: 164214
      nfiles: 2
    - path: data/risk/volatility/
      hash: md5
      md5: f44c4c97164c372b0a91c65661ccdc35.dir
      size: 84778
      nfiles: 13
    - path: src/risk/
      hash: md5
      md5: 47cf95749906bc99aabf2a997ec6946c.dir
      size: 127554
      nfiles: 80
    params:
      params.yaml:
        risk.hmm_n_regimes: 3
        risk.portfolio.benchmark_ticker: AAPL
        risk.portfolio.rolling_metrics_window: 63
    outs:
    - path: data/risk/portfolio/
      hash: md5
      md5: c62d9353326d7e21e3eb60eab58a2943.dir
      size: 22776
      nfiles: 4
  optimize_portfolios:
    cmd: python -m src.risk.pipeline.optimization_stage
    deps:
    - path: configs/risk/
      hash: md5
      md5: 1d493f4338955aefdfdf73204a7a7863.dir
      size: 609
      nfiles: 4
    - path: data/features/merged/
      hash: md5
      md5: 1c1aced7dd911dd431c1fa6a3d285f21.dir
      size: 164214
      nfiles: 2
    - path: data/risk/correlations/
      hash: md5
      md5: 0b0eacbc8e3b8d56240cfb22ec8344ec.dir
      size: 2489
      nfiles: 1
    - path: src/risk/
      hash: md5
      md5: 47cf95749906bc99aabf2a997ec6946c.dir
      size: 127554
      nfiles: 80
    params:
      params.yaml:
        risk.optimization.long_only: true
        risk.optimization.max_weight: 0.4
        risk.optimization.shrinkage: ledoit_wolf
    outs:
    - path: data/risk/optimization/
      hash: md5
      md5: 9b3cb6d5dc07c6725640b890abd905e1.dir
      size: 3208
      nfiles: 3
  generate_efficient_frontier:
    cmd: python -m src.risk.pipeline.frontier_stage
    deps:
    - path: configs/risk/
      hash: md5
      md5: 1d493f4338955aefdfdf73204a7a7863.dir
      size: 609
      nfiles: 4
    - path: data/features/merged/
      hash: md5
      md5: 1c1aced7dd911dd431c1fa6a3d285f21.dir
      size: 164214
      nfiles: 2
    - path: data/risk/optimization/
      hash: md5
      md5: 9b3cb6d5dc07c6725640b890abd905e1.dir
      size: 3208
      nfiles: 3
    - path: src/analytics/
      hash: md5
      md5: 5cb783a7b56feb3994bb24c0274582f9.dir
      size: 145517
      nfiles: 32
    - path: src/risk/
      hash: md5
      md5: 47cf95749906bc99aabf2a997ec6946c.dir
      size: 127554
      nfiles: 80
    params:
      params.yaml:
        risk.optimization.frontier_points: 25
    outs:
    - path: data/analytics/risk/
      hash: md5
      md5: d978802ca066ea418590d830073c217e.dir
      size: 68538
      nfiles: 5
    - path: data/risk/frontier/
      hash: md5
      md5: f0491e16404cbd04b8f6ea20bb11b09e.dir
      size: 3025
      nfiles: 1
  generate_simulations:
    cmd: python -m src.simulation.pipeline.simulation_stage
    deps:
    - path: configs/research.yaml
      hash: md5
      md5: 085f918e55e21bf147c0d50f417ef96c
      size: 55
    - path: configs/simulation/
      hash: md5
      md5: aeafb355aebdf22409938a671e177345.dir
      size: 158
      nfiles: 1
    - path: data/features/merged/
      hash: md5
      md5: 1c1aced7dd911dd431c1fa6a3d285f21.dir
      size: 164214
      nfiles: 2
    - path: data/risk/correlations/
      hash: md5
      md5: 0b0eacbc8e3b8d56240cfb22ec8344ec.dir
      size: 2489
      nfiles: 1
    - path: data/risk/optimization/
      hash: md5
      md5: 9b3cb6d5dc07c6725640b890abd905e1.dir
      size: 3208
      nfiles: 3
    - path: data/risk/portfolio/
      hash: md5
      md5: c62d9353326d7e21e3eb60eab58a2943.dir
      size: 22776
      nfiles: 4
    - path: src/risk/
      hash: md5
      md5: 47cf95749906bc99aabf2a997ec6946c.dir
      size: 127554
      nfiles: 80
    - path: src/simulation/
      hash: md5
      md5: 8ce5a3d59208bcb87547d7b18e0b8ef2.dir
      size: 51401
      nfiles: 32
    params:
      params.yaml:
        research.meta.experiment_id: baseline
        research.simulation.horizon_days: 63
        research.simulation.n_paths: 2000
        research.simulation.seed: 42
    outs:
    - path: data/research/simulations/
      hash: md5
      md5: 4a7dee23999d8c7ac851b8014c162419.dir
      size: 116411
      nfiles: 6
    - path: experiments/simulations/
      hash: md5
      md5: b99df27ac290c6fe783cc3e92a419fdd.dir
      size: 704
      nfiles: 1
    - path: metrics/research_simulations/
      hash: md5
      md5: 3c01c8d9a47fe9dfb2906b82f249dcd0.dir
      size: 103
      nfiles: 3
  run_backtests:
    cmd: python -m src.backtesting.pipeline.backtest_stage
    deps:
    - path: configs/backtesting/
      hash: md5
      md5: 47ddee6d320c9665ff9e3f01dd459a33.dir
      size: 166
      nfiles: 1
    - path: configs/research.yaml
      hash: md5
      md5: 085f918e55e21bf147c0d50f417ef96c
      size: 55
    - path: data/features/merged/
      hash: md5
      md5: 1c1aced7dd911dd431c1fa6a3d285f21.dir
      size: 164214
      nfiles: 2
    - path: data/raw/portfolio/
      hash: md5
      md5: d0dab26c063d4f9802565417723d26d7.dir
      size: 840
      nfiles: 1
    - path: data/risk/optimization/
      hash: md5
      md5: 9b3cb6d5dc07c6725640b890abd905e1.dir
      size: 3208
      nfiles: 3
    - path: src/backtesting/
      hash: md5
      md5: dd4f30095f581a18da1c67d4b0fa1543.dir
      size: 21406
      nfiles: 18
    - path: src/risk/
      hash: md5
      md5: 47cf95749906bc99aabf2a997ec6946c.dir
      size: 127554
      nfiles: 80
    params:
      params.yaml:
        research.backtest.slippage_bps: 5.0
        research.backtest.tc_bps: 10.0
        research.backtest.weight_source: max_sharpe
        research.meta.experiment_id: baseline
    outs:
    - path: data/research/backtests/
      hash: md5
      md5: e801a1d351b2532ad5940b81073704e1.dir
      size: 30640
      nfiles: 3
    - path: experiments/backtests/
      hash: md5
      md5: c42f37fa659d8fa07ecf89866c05ba63.dir
      size: 406
      nfiles: 1
    - path: metrics/research_backtests/
      hash: md5
      md5: 98481499049780010de6e0f6b692a87f.dir
      size: 193
      nfiles: 4
  run_stress_tests:
    cmd: python -m src.simulation.pipeline.stress_stage
    deps:
    - path: configs/research.yaml
      hash: md5
      md5: 085f918e55e21bf147c0d50f417ef96c
      size: 55
    - path: configs/scenarios/
      hash: md5
      md5: ef8eac1d2022e099f733d6a5b486f0e0.dir
      size: 486
      nfiles: 1
    - path: configs/simulation/
      hash: md5
      md5: aeafb355aebdf22409938a671e177345.dir
      size: 158
      nfiles: 1
    - path: data/research/simulations/
      hash: md5
      md5: 4a7dee23999d8c7ac851b8014c162419.dir
      size: 116411
      nfiles: 6
    - path: data/risk/portfolio/
      hash: md5
      md5: c62d9353326d7e21e3eb60eab58a2943.dir
      size: 22776
      nfiles: 4
    - path: src/simulation/
      hash: md5
      md5: 8ce5a3d59208bcb87547d7b18e0b8ef2.dir
      size: 51401
      nfiles: 32
    params:
      params.yaml:
        research.meta.experiment_id: baseline
        research.simulation.n_paths: 2000
        research.simulation.seed: 42
    outs:
    - path: data/research/stress/
      hash: md5
      md5: d330266b85301c8bdc288dfb3abf5271.dir
      size: 2715
      nfiles: 1
    - path: experiments/stress_tests/
      hash: md5
      md5: 4361c1111ecc0e513be0acdc7c503a07.dir
      size: 461
      nfiles: 1
    - path: metrics/research_stress/
      hash: md5
      md5: 106783a9c32750b8f82470ee7d94e466.dir
      size: 137
      nfiles: 3
  run_scenario_analysis:
    cmd: python -m src.simulation.pipeline.scenario_stage
    deps:
    - path: configs/research.yaml
      hash: md5
      md5: 085f918e55e21bf147c0d50f417ef96c
      size: 55
    - path: configs/scenarios/
      hash: md5
      md5: ef8eac1d2022e099f733d6a5b486f0e0.dir
      size: 486
      nfiles: 1
    - path: configs/simulation/
      hash: md5
      md5: aeafb355aebdf22409938a671e177345.dir
      size: 158
      nfiles: 1
    - path: data/risk/portfolio/
      hash: md5
      md5: c62d9353326d7e21e3eb60eab58a2943.dir
      size: 22776
      nfiles: 4
    - path: src/simulation/
      hash: md5
      md5: 8ce5a3d59208bcb87547d7b18e0b8ef2.dir
      size: 51401
      nfiles: 32
    params:
      params.yaml:
        research.meta.experiment_id: baseline
    outs:
    - path: data/research/scenarios/
      hash: md5
      md5: c13f37b7cac23c746ecdb358eeb2d243.dir
      size: 2712
      nfiles: 1
    - path: metrics/research_scenarios/
      hash: md5
      md5: e5e066970c0f7add0bd6746fd3a28be5.dir
      size: 47
      nfiles: 2
  evaluate_performance:
    cmd: python -m src.research.pipeline.evaluate_stage
    deps:
    - path: configs/research.yaml
      hash: md5
      md5: 085f918e55e21bf147c0d50f417ef96c
      size: 55
    - path: data/research/backtests/
      hash: md5
      md5: e801a1d351b2532ad5940b81073704e1.dir
      size: 30640
      nfiles: 3
    - path: data/research/simulations/
      hash: md5
      md5: 4a7dee23999d8c7ac851b8014c162419.dir
      size: 116411
      nfiles: 6
    - path: src/research/
      hash: md5
      md5: c03eea127b49460ce1fbc4846c3651e5.dir
      size: 32400
      nfiles: 14
    params:
      params.yaml:
        research.meta.experiment_id: baseline
    outs:
    - path: data/research/evaluation/
      hash: md5
      md5: 2e9d7cf718f1bb0a96d30f4922c6e097.dir
      size: 3334
      nfiles: 1
    - path: metrics/research_evaluation/
      hash: md5
      md5: 4e9dac9f228ac24fad2161adbbb9ed52.dir
      size: 37
      nfiles: 2
  compare_experiments:
    cmd: python -m src.research.pipeline.compare_stage
    deps:
    - path: experiments/
      hash: md5
      md5: 2f7693f36897129129356f53cd6561d5.dir
      size: 1571
      nfiles: 3
    - path: src/research/
      hash: md5
      md5: c03eea127b49460ce1fbc4846c3651e5.dir
      size: 32400
      nfiles: 14
    outs:
    - path: data/research/comparisons/
      hash: md5
      md5: 525be8b0da72fcb771dd6c49558778b3.dir
      size: 7422
      nfiles: 1
    - path: metrics/research_compare/
      hash: md5
      md5: 3b24bd1dce7905c5e151d3695f04181f.dir
      size: 47
      nfiles: 2
  generate_research_reports:
    cmd: python -m src.research.pipeline.report_stage
    deps:
    - path: data/research/backtests/
      hash: md5
      md5: e801a1d351b2532ad5940b81073704e1.dir
      size: 30640
      nfiles: 3
    - path: data/research/evaluation/
      hash: md5
      md5: 2e9d7cf718f1bb0a96d30f4922c6e097.dir
      size: 3334
      nfiles: 1
    - path: data/research/scenarios/
      hash: md5
      md5: c13f37b7cac23c746ecdb358eeb2d243.dir
      size: 2712
      nfiles: 1
    - path: data/research/simulations/
      hash: md5
      md5: 4a7dee23999d8c7ac851b8014c162419.dir
      size: 116411
      nfiles: 6
    - path: data/research/stress/
      hash: md5
      md5: d330266b85301c8bdc288dfb3abf5271.dir
      size: 2715
      nfiles: 1
    - path: src/analytics/
      hash: md5
      md5: 5cb783a7b56feb3994bb24c0274582f9.dir
      size: 145517
      nfiles: 32
    - path: src/research/
      hash: md5
      md5: c03eea127b49460ce1fbc4846c3651e5.dir
      size: 32400
      nfiles: 14
    params:
      params.yaml:
        research.meta.experiment_id: baseline
    outs:
    - path: data/analytics/dashboard/
      hash: md5
      md5: 41215be16c3e5216c28a5b77ff7eb3b9.dir
      size: 8643
      nfiles: 2
    - path: data/analytics/research/
      hash: md5
      md5: b8e776dde67e6dd604eb03adbb04cb65.dir
      size: 259671
      nfiles: 9
    - path: data/research/reports/
      hash: md5
      md5: 56df4d541bb419d19d41b32400bb1419.dir
      size: 2465
      nfiles: 2
    - path: metrics/research_reports/
      hash: md5
      md5: 9bc8541e9648a38747a5833770cda4e4.dir
      size: 99
      nfiles: 3
  generate_platform_reports:
    cmd: python -m src.platform.pipeline.report_stage
    deps:
    - path: configs/platform.yaml
      hash: md5
      md5: b50947a2676fc14885ad07cd81bc5254
      size: 321
    - path: data/features/merged/
      hash: md5
      md5: 1c1aced7dd911dd431c1fa6a3d285f21.dir
      size: 164214
      nfiles: 2
    - path: data/research/backtests/
      hash: md5
      md5: e801a1d351b2532ad5940b81073704e1.dir
      size: 30640
      nfiles: 3
    - path: data/research/reports/
      hash: md5
      md5: 56df4d541bb419d19d41b32400bb1419.dir
      size: 2465
      nfiles: 2
    - path: data/risk/
      hash: md5
      md5: 2570b8bc1763b062e7dad45f3b2c282b.dir
      size: 119128
      nfiles: 24
    - path: src/copilot/
      hash: md5
      md5: 066b9429186f2512c07a1c75a6ab3117.dir
      size: 58562
      nfiles: 27
    - path: src/monitoring/
      hash: md5
      md5: 70f1734ae9e9e183329b4e561415af33.dir
      size: 20710
      nfiles: 22
    - path: src/platform/
      hash: md5
      md5: f13dbabfd1fe6e3996639c260f7fdb66.dir
      size: 12445
      nfiles: 8
    params:
      params.yaml:
        research.meta.experiment_id: baseline
    outs:
    - path: metrics/platform/
      hash: md5
      md5: 5eb5bd2b8a481a3363279c8e97751c9e.dir
      size: 59
      nfiles: 2
    - path: reports/governance/
      hash: md5
      md5: a8bdc322feb2ceb93b098119ac9c8e69.dir
      size: 287
      nfiles: 1
    - path: reports/portfolio/
      hash: md5
      md5: f27700377564d7768dc7e812d0982971.dir
      size: 351
      nfiles: 1
    - path: reports/risk/
      hash: md5
      md5: 7bb32622be089def56872e5e59107edf.dir
      size: 1251
      nfiles: 1
  ingest_portfolio_trades:
    cmd: python -m src.portfolio.tracker.ingest
    deps:
    - path: configs/portfolio_tracker.yaml
      hash: md5
      md5: 362e08764c1dc4d733a6ceb4f0b31410
      size: 552
    - path: data/input/portfolio/dummy_portfolio.xlsx
      hash: md5
      md5: 51d848eeb1141c005971eb5842b5ab8f
      size: 5505
    - path: src/portfolio/tracker/
      hash: md5
      md5: 246c99c9be5bb2d38ee5a8b5fec61c86.dir
      size: 120411
      nfiles: 24
    - path: src/utils/
      hash: md5
      md5: e9f1870d9095113597473faa67eb9095.dir
      size: 135330
      nfiles: 20
    outs:
    - path: data/processed/portfolio/_tracker_metadata.json
      hash: md5
      md5: ecaaf4432c872363124e92c99b197268
      size: 238
    - path: data/processed/portfolio/trades.parquet
      hash: md5
      md5: 6c1ada4d23ffa3ca392131e5788992f1
      size: 7494
